--- 
dependencies: 
  rails: 
    group: 
    - :default
    version: ~> 2.3.5
    require: []

  mechanize: 
    group: 
    - :default
    version: = 1.0.0
specs: 
- nokogiri: 
    version: 1.4.1
- activesupport: 
    version: 2.3.5
- rack: 
    version: 1.0.1
- actionpack: 
    version: 2.3.5
- actionmailer: 
    version: 2.3.5
- mechanize: 
    version: 1.0.0
- rake: 
    version: 0.8.7
- activerecord: 
    version: 2.3.5
- activeresource: 
    version: 2.3.5
- rails: 
    version: 2.3.5
hash: e68b0740521d3234446fa74b5066a8cfacee30ab
sources: 
- Rubygems: 
    uri: http://gemcutter.org
